// !$*UTF8*$!
{
	archiveVersion = 1;
	classes = {
	};
	objectVersion = 55;
	objects = {

/* Begin PBXBuildFile section */
		AF263EF228CF4657005E4578 /* LandmarksApp.swift in Sources */ = {isa = PBXBuildFile; fileRef = AF263EF128CF4657005E4578 /* LandmarksApp.swift */; };
		AF263EF628CF4658005E4578 /* Assets.xcassets in Resources */ = {isa = PBXBuildFile; fileRef = AF263EF528CF4658005E4578 /* Assets.xcassets */; };
		AF263EF928CF4658005E4578 /* Preview Assets.xcassets in Resources */ = {isa = PBXBuildFile; fileRef = AF263EF828CF4658005E4578 /* Preview Assets.xcassets */; };
		AF263F0028CF4F77005E4578 /* SplashScreenView.swift in Sources */ = {isa = PBXBuildFile; fileRef = AF263EFF28CF4F77005E4578 /* SplashScreenView.swift */; };
		AF35F16628CFBFA800ADD559 /* LogInView.swift in Sources */ = {isa = PBXBuildFile; fileRef = AF35F16528CFBFA800ADD559 /* LogInView.swift */; };
		AFBB1D8B28D07B9A006F2141 /* loginData.json in Resources */ = {isa = PBXBuildFile; fileRef = AFBB1D8A28D07B9A006F2141 /* loginData.json */; };
		AFBB1D8D28D08896006F2141 /* ProductCard.swift in Sources */ = {isa = PBXBuildFile; fileRef = AFBB1D8C28D08896006F2141 /* ProductCard.swift */; };
		AFBB1D9128D09594006F2141 /* StoreModel.swift in Sources */ = {isa = PBXBuildFile; fileRef = AFBB1D9028D09594006F2141 /* StoreModel.swift */; };
		AFBB1D9828D0E91B006F2141 /* LogInViewModel.swift in Sources */ = {isa = PBXBuildFile; fileRef = AFBB1D9728D0E91B006F2141 /* LogInViewModel.swift */; };
		AFBB1D9C28D1C681006F2141 /* RedactedCode.txt in Resources */ = {isa = PBXBuildFile; fileRef = AFBB1D9B28D1C681006F2141 /* RedactedCode.txt */; };
		AFBB1DA728D7666B006F2141 /* StoreView.swift in Sources */ = {isa = PBXBuildFile; fileRef = AFBB1DA628D7666B006F2141 /* StoreView.swift */; };
		AFCCD7C328D8EA7200819BE6 /* LogInModel.swift in Sources */ = {isa = PBXBuildFile; fileRef = AFCCD7C228D8EA7200819BE6 /* LogInModel.swift */; };
		AFCCD7C528D8EB6A00819BE6 /* StoreViewModel.swift in Sources */ = {isa = PBXBuildFile; fileRef = AFCCD7C428D8EB6A00819BE6 /* StoreViewModel.swift */; };
/* End PBXBuildFile section */

/* Begin PBXFileReference section */
		AF263EEE28CF4657005E4578 /* Landmarks.app */ = {isa = PBXFileReference; explicitFileType = wrapper.application; includeInIndex = 0; path = Landmarks.app; sourceTree = BUILT_PRODUCTS_DIR; };
		AF263EF128CF4657005E4578 /* LandmarksApp.swift */ = {isa = PBXFileReference; lastKnownFileType = sourcecode.swift; path = LandmarksApp.swift; sourceTree = "<group>"; };
		AF263EF528CF4658005E4578 /* Assets.xcassets */ = {isa = PBXFileReference; lastKnownFileType = folder.assetcatalog; path = Assets.xcassets; sourceTree = "<group>"; };
		AF263EF828CF4658005E4578 /* Preview Assets.xcassets */ = {isa = PBXFileReference; lastKnownFileType = folder.assetcatalog; path = "Preview Assets.xcassets"; sourceTree = "<group>"; };
		AF263EFF28CF4F77005E4578 /* SplashScreenView.swift */ = {isa = PBXFileReference; lastKnownFileType = sourcecode.swift; path = SplashScreenView.swift; sourceTree = "<group>"; };
		AF35F16528CFBFA800ADD559 /* LogInView.swift */ = {isa = PBXFileReference; lastKnownFileType = sourcecode.swift; path = LogInView.swift; sourceTree = "<group>"; };
		AFBB1D8A28D07B9A006F2141 /* loginData.json */ = {isa = PBXFileReference; fileEncoding = 4; lastKnownFileType = text.json; path = loginData.json; sourceTree = "<group>"; };
		AFBB1D8C28D08896006F2141 /* ProductCard.swift */ = {isa = PBXFileReference; lastKnownFileType = sourcecode.swift; path = ProductCard.swift; sourceTree = "<group>"; };
		AFBB1D9028D09594006F2141 /* StoreModel.swift */ = {isa = PBXFileReference; lastKnownFileType = sourcecode.swift; path = StoreModel.swift; sourceTree = "<group>"; };
		AFBB1D9728D0E91B006F2141 /* LogInViewModel.swift */ = {isa = PBXFileReference; lastKnownFileType = sourcecode.swift; path = LogInViewModel.swift; sourceTree = "<group>"; };
		AFBB1D9B28D1C681006F2141 /* RedactedCode.txt */ = {isa = PBXFileReference; lastKnownFileType = text; path = RedactedCode.txt; sourceTree = "<group>"; };
		AFBB1DA628D7666B006F2141 /* StoreView.swift */ = {isa = PBXFileReference; lastKnownFileType = sourcecode.swift; path = StoreView.swift; sourceTree = "<group>"; };
		AFCCD7C228D8EA7200819BE6 /* LogInModel.swift */ = {isa = PBXFileReference; lastKnownFileType = sourcecode.swift; path = LogInModel.swift; sourceTree = "<group>"; };
		AFCCD7C428D8EB6A00819BE6 /* StoreViewModel.swift */ = {isa = PBXFileReference; lastKnownFileType = sourcecode.swift; path = StoreViewModel.swift; sourceTree = "<group>"; };
/* End PBXFileReference section */

/* Begin PBXFrameworksBuildPhase section */
		AF263EEB28CF4657005E4578 /* Frameworks */ = {
			isa = PBXFrameworksBuildPhase;
			buildActionMask = 2147483647;
			files = (
			);
			runOnlyForDeploymentPostprocessing = 0;
		};
/* End PBXFrameworksBuildPhase section */

/* Begin PBXGroup section */
		AF263EE528CF4657005E4578 = {
			isa = PBXGroup;
			children = (
				AF263EF028CF4657005E4578 /* Landmarks */,
				AF263EEF28CF4657005E4578 /* Products */,
			);
			sourceTree = "<group>";
		};
		AF263EEF28CF4657005E4578 /* Products */ = {
			isa = PBXGroup;
			children = (
				AF263EEE28CF4657005E4578 /* Landmarks.app */,
			);
			name = Products;
			sourceTree = "<group>";
		};
		AF263EF028CF4657005E4578 /* Landmarks */ = {
			isa = PBXGroup;
			children = (
				AFBB1DA528D4976C006F2141 /* Views */,
				AFBB1D9E28D31369006F2141 /* Models */,
				AFBB1D9D28D1DBD6006F2141 /* View Models */,
				AFBB1D9428D0E7F8006F2141 /* JSON Files */,
				AF263EF128CF4657005E4578 /* LandmarksApp.swift */,
				AF263EF528CF4658005E4578 /* Assets.xcassets */,
				AF263EF728CF4658005E4578 /* Preview Content */,
				AFBB1D9B28D1C681006F2141 /* RedactedCode.txt */,
			);
			path = Landmarks;
			sourceTree = "<group>";
		};
		AF263EF728CF4658005E4578 /* Preview Content */ = {
			isa = PBXGroup;
			children = (
				AF263EF828CF4658005E4578 /* Preview Assets.xcassets */,
			);
			path = "Preview Content";
			sourceTree = "<group>";
		};
		AFBB1D9428D0E7F8006F2141 /* JSON Files */ = {
			isa = PBXGroup;
			children = (
				AFBB1D8A28D07B9A006F2141 /* loginData.json */,
			);
			path = "JSON Files";
			sourceTree = "<group>";
		};
		AFBB1D9D28D1DBD6006F2141 /* View Models */ = {
			isa = PBXGroup;
			children = (
				AFBB1D9728D0E91B006F2141 /* LogInViewModel.swift */,
				AFCCD7C428D8EB6A00819BE6 /* StoreViewModel.swift */,
			);
			path = "View Models";
			sourceTree = "<group>";
		};
		AFBB1D9E28D31369006F2141 /* Models */ = {
			isa = PBXGroup;
			children = (
				AFBB1D9028D09594006F2141 /* StoreModel.swift */,
				AFCCD7C228D8EA7200819BE6 /* LogInModel.swift */,
			);
			path = Models;
			sourceTree = "<group>";
		};
		AFBB1DA528D4976C006F2141 /* Views */ = {
			isa = PBXGroup;
			children = (
				AF263EFF28CF4F77005E4578 /* SplashScreenView.swift */,
				AF35F16528CFBFA800ADD559 /* LogInView.swift */,
				AFBB1DA628D7666B006F2141 /* StoreView.swift */,
				AFBB1D8C28D08896006F2141 /* ProductCard.swift */,
			);
			path = Views;
			sourceTree = "<group>";
		};
/* End PBXGroup section */

/* Begin PBXNativeTarget section */
		AF263EED28CF4657005E4578 /* Landmarks */ = {
			isa = PBXNativeTarget;
			buildConfigurationList = AF263EFC28CF4658005E4578 /* Build configuration list for PBXNativeTarget "Landmarks" */;
			buildPhases = (
				AF263EEA28CF4657005E4578 /* Sources */,
				AF263EEB28CF4657005E4578 /* Frameworks */,
				AF263EEC28CF4657005E4578 /* Resources */,
			);
			buildRules = (
			);
			dependencies = (
			);
			name = Landmarks;
			productName = Landmarks;
			productReference = AF263EEE28CF4657005E4578 /* Landmarks.app */;
			productType = "com.apple.product-type.application";
		};
/* End PBXNativeTarget section */

/* Begin PBXProject section */
		AF263EE628CF4657005E4578 /* Project object */ = {
			isa = PBXProject;
			attributes = {
				BuildIndependentTargetsInParallel = 1;
				LastSwiftUpdateCheck = 1340;
				LastUpgradeCheck = 1340;
				TargetAttributes = {
					AF263EED28CF4657005E4578 = {
						CreatedOnToolsVersion = 13.4.1;
					};
				};
			};
			buildConfigurationList = AF263EE928CF4657005E4578 /* Build configuration list for PBXProject "Landmarks" */;
			compatibilityVersion = "Xcode 13.0";
			developmentRegion = en;
			hasScannedForEncodings = 0;
			knownRegions = (
				en,
				Base,
			);
			mainGroup = AF263EE528CF4657005E4578;
			productRefGroup = AF263EEF28CF4657005E4578 /* Products */;
			projectDirPath = "";
			projectRoot = "";
			targets = (
				AF263EED28CF4657005E4578 /* Landmarks */,
			);
		};
/* End PBXProject section */

/* Begin PBXResourcesBuildPhase section */
		AF263EEC28CF4657005E4578 /* Resources */ = {
			isa = PBXResourcesBuildPhase;
			buildActionMask = 2147483647;
			files = (
				AFBB1D8B28D07B9A006F2141 /* loginData.json in Resources */,
				AF263EF928CF4658005E4578 /* Preview Assets.xcassets in Resources */,
				AF263EF628CF4658005E4578 /* Assets.xcassets in Resources */,
				AFBB1D9C28D1C681006F2141 /* RedactedCode.txt in Resources */,
			);
			runOnlyForDeploymentPostprocessing = 0;
		};
/* End PBXResourcesBuildPhase section */

/* Begin PBXSourcesBuildPhase section */
		AF263EEA28CF4657005E4578 /* Sources */ = {
			isa = PBXSourcesBuildPhase;
			buildActionMask = 2147483647;
			files = (
				AF263EF228CF4657005E4578 /* LandmarksApp.swift in Sources */,
				AFCCD7C328D8EA7200819BE6 /* LogInModel.swift in Sources */,
				AF35F16628CFBFA800ADD559 /* LogInView.swift in Sources */,
				AFBB1D9128D09594006F2141 /* StoreModel.swift in Sources */,
				AFBB1D8D28D08896006F2141 /* ProductCard.swift in Sources */,
				AF263F0028CF4F77005E4578 /* SplashScreenView.swift in Sources */,
				AFBB1DA728D7666B006F2141 /* StoreView.swift in Sources */,
				AFCCD7C528D8EB6A00819BE6 /* StoreViewModel.swift in Sources */,
				AFBB1D9828D0E91B006F2141 /* LogInViewModel.swift in Sources */,
			);
			runOnlyForDeploymentPostprocessing = 0;
		};
/* End PBXSourcesBuildPhase section */

/* Begin XCBuildConfiguration section */
		AF263EFA28CF4658005E4578 /* Debug */ = {
			isa = XCBuildConfiguration;
			buildSettings = {
				ALWAYS_SEARCH_USER_PATHS = NO;
				CLANG_ANALYZER_NONNULL = YES;
				CLANG_ANALYZER_NUMBER_OBJECT_CONVERSION = YES_AGGRESSIVE;
				CLANG_CXX_LANGUAGE_STANDARD = "gnu++17";
				CLANG_ENABLE_MODULES = YES;
				CLANG_ENABLE_OBJC_ARC = YES;
				CLANG_ENABLE_OBJC_WEAK = YES;
				CLANG_WARN_BLOCK_CAPTURE_AUTORELEASING = YES;
				CLANG_WARN_BOOL_CONVERSION = YES;
				CLANG_WARN_COMMA = YES;
				CLANG_WARN_CONSTANT_CONVERSION = YES;
				CLANG_WARN_DEPRECATED_OBJC_IMPLEMENTATIONS = YES;
				CLANG_WARN_DIRECT_OBJC_ISA_USAGE = YES_ERROR;
				CLANG_WARN_DOCUMENTATION_COMMENTS = YES;
				CLANG_WARN_EMPTY_BODY = YES;
				CLANG_WARN_ENUM_CONVERSION = YES;
				CLANG_WARN_INFINITE_RECURSION = YES;
				CLANG_WARN_INT_CONVERSION = YES;
				CLANG_WARN_NON_LITERAL_NULL_CONVERSION = YES;
				CLANG_WARN_OBJC_IMPLICIT_RETAIN_SELF = YES;
				CLANG_WARN_OBJC_LITERAL_CONVERSION = YES;
				CLANG_WARN_OBJC_ROOT_CLASS = YES_ERROR;
				CLANG_WARN_QUOTED_INCLUDE_IN_FRAMEWORK_HEADER = YES;
				CLANG_WARN_RANGE_LOOP_ANALYSIS = YES;
				CLANG_WARN_STRICT_PROTOTYPES = YES;
				CLANG_WARN_SUSPICIOUS_MOVE = YES;
				CLANG_WARN_UNGUARDED_AVAILABILITY = YES_AGGRESSIVE;
				CLANG_WARN_UNREACHABLE_CODE = YES;
				CLANG_WARN__DUPLICATE_METHOD_MATCH = YES;
				COPY_PHASE_STRIP = NO;
				DEBUG_INFORMATION_FORMAT = dwarf;
				ENABLE_STRICT_OBJC_MSGSEND = YES;
				ENABLE_TESTABILITY = YES;
				GCC_C_LANGUAGE_STANDARD = gnu11;
				GCC_DYNAMIC_NO_PIC = NO;
				GCC_NO_COMMON_BLOCKS = YES;
				GCC_OPTIMIZATION_LEVEL = 0;
				GCC_PREPROCESSOR_DEFINITIONS = (
					"DEBUG=1",
					"$(inherited)",
				);
				GCC_WARN_64_TO_32_BIT_CONVERSION = YES;
				GCC_WARN_ABOUT_RETURN_TYPE = YES_ERROR;
				GCC_WARN_UNDECLARED_SELECTOR = YES;
				GCC_WARN_UNINITIALIZED_AUTOS = YES_AGGRESSIVE;
				GCC_WARN_UNUSED_FUNCTION = YES;
				GCC_WARN_UNUSED_VARIABLE = YES;
				IPHONEOS_DEPLOYMENT_TARGET = 15.5;
				MTL_ENABLE_DEBUG_INFO = INCLUDE_SOURCE;
				MTL_FAST_MATH = YES;
				ONLY_ACTIVE_ARCH = YES;
				SDKROOT = iphoneos;
				SWIFT_ACTIVE_COMPILATION_CONDITIONS = DEBUG;
				SWIFT_OPTIMIZATION_LEVEL = "-Onone";
			};
			name = Debug;
		};
		AF263EFB28CF4658005E4578 /* Release */ = {
			isa = XCBuildConfiguration;
			buildSettings = {
				ALWAYS_SEARCH_USER_PATHS = NO;
				CLANG_ANALYZER_NONNULL = YES;
				CLANG_ANALYZER_NUMBER_OBJECT_CONVERSION = YES_AGGRESSIVE;
				CLANG_CXX_LANGUAGE_STANDARD = "gnu++17";
				CLANG_ENABLE_MODULES = YES;
				CLANG_ENABLE_OBJC_ARC = YES;
				CLANG_ENABLE_OBJC_WEAK = YES;
				CLANG_WARN_BLOCK_CAPTURE_AUTORELEASING = YES;
				CLANG_WARN_BOOL_CONVERSION = YES;
				CLANG_WARN_COMMA = YES;
				CLANG_WARN_CONSTANT_CONVERSION = YES;
				CLANG_WARN_DEPRECATED_OBJC_IMPLEMENTATIONS = YES;
				CLANG_WARN_DIRECT_OBJC_ISA_USAGE = YES_ERROR;
				CLANG_WARN_DOCUMENTATION_COMMENTS = YES;
				CLANG_WARN_EMPTY_BODY = YES;
				CLANG_WARN_ENUM_CONVERSION = YES;
				CLANG_WARN_INFINITE_RECURSION = YES;
				CLANG_WARN_INT_CONVERSION = YES;
				CLANG_WARN_NON_LITERAL_NULL_CONVERSION = YES;
				CLANG_WARN_OBJC_IMPLICIT_RETAIN_SELF = YES;
				CLANG_WARN_OBJC_LITERAL_CONVERSION = YES;
				CLANG_WARN_OBJC_ROOT_CLASS = YES_ERROR;
				CLANG_WARN_QUOTED_INCLUDE_IN_FRAMEWORK_HEADER = YES;
				CLANG_WARN_RANGE_LOOP_ANALYSIS = YES;
				CLANG_WARN_STRICT_PROTOTYPES = YES;
				CLANG_WARN_SUSPICIOUS_MOVE = YES;
				CLANG_WARN_UNGUARDED_AVAILABILITY = YES_AGGRESSIVE;
				CLANG_WARN_UNREACHABLE_CODE = YES;
				CLANG_WARN__DUPLICATE_METHOD_MATCH = YES;
				COPY_PHASE_STRIP = NO;
				DEBUG_INFORMATION_FORMAT = "dwarf-with-dsym";
				ENABLE_NS_ASSERTIONS = NO;
				ENABLE_STRICT_OBJC_MSGSEND = YES;
				GCC_C_LANGUAGE_STANDARD = gnu11;
				GCC_NO_COMMON_BLOCKS = YES;
				GCC_WARN_64_TO_32_BIT_CONVERSION = YES;
				GCC_WARN_ABOUT_RETURN_TYPE = YES_ERROR;
				GCC_WARN_UNDECLARED_SELECTOR = YES;
				GCC_WARN_UNINITIALIZED_AUTOS = YES_AGGRESSIVE;
				GCC_WARN_UNUSED_FUNCTION = YES;
				GCC_WARN_UNUSED_VARIABLE = YES;
				IPHONEOS_DEPLOYMENT_TARGET = 15.5;
				MTL_ENABLE_DEBUG_INFO = NO;
				MTL_FAST_MATH = YES;
				SDKROOT = iphoneos;
				SWIFT_COMPILATION_MODE = wholemodule;
				SWIFT_OPTIMIZATION_LEVEL = "-O";
				VALIDATE_PRODUCT = YES;
			};
			name = Release;
		};
		AF263EFD28CF4658005E4578 /* Debug */ = {
			isa = XCBuildConfiguration;
			buildSettings = {
				ASSETCATALOG_COMPILER_APPICON_NAME = AppIcon;
				ASSETCATALOG_COMPILER_GLOBAL_ACCENT_COLOR_NAME = AccentColor;
				CODE_SIGN_STYLE = Automatic;
				CURRENT_PROJECT_VERSION = 1;
				DEVELOPMENT_ASSET_PATHS = "\"Landmarks/Preview Content\"";
				DEVELOPMENT_TEAM = 2857432TNY;
				ENABLE_PREVIEWS = YES;
				GENERATE_INFOPLIST_FILE = YES;
				INFOPLIST_KEY_UIApplicationSceneManifest_Generation = YES;
				INFOPLIST_KEY_UIApplicationSupportsIndirectInputEvents = YES;
				INFOPLIST_KEY_UILaunchScreen_Generation = YES;
				INFOPLIST_KEY_UISupportedInterfaceOrientations = "UIInterfaceOrientationPortrait UIInterfaceOrientationLandscapeLeft UIInterfaceOrientationLandscapeRight UIInterfaceOrientationPortraitUpsideDown";
				INFOPLIST_KEY_UISupportedInterfaceOrientations_iPad = "UIInterfaceOrientationPortrait UIInterfaceOrientationPortraitUpsideDown UIInterfaceOrientationLandscapeLeft UIInterfaceOrientationLandscapeRight";
				INFOPLIST_KEY_UISupportedInterfaceOrientations_iPhone = "UIInterfaceOrientationPortrait UIInterfaceOrientationLandscapeLeft UIInterfaceOrientationLandscapeRight";
				LD_RUNPATH_SEARCH_PATHS = (
					"$(inherited)",
					"@executable_path/Frameworks",
				);
				MARKETING_VERSION = 1.0;
				PRODUCT_BUNDLE_IDENTIFIER = shaivik.dhavjekar.srijan.net.Landmarks;
				PRODUCT_NAME = "$(TARGET_NAME)";
				SWIFT_EMIT_LOC_STRINGS = YES;
				SWIFT_VERSION = 5.0;
				TARGETED_DEVICE_FAMILY = 1;
			};
			name = Debug;
		};
		AF263EFE28CF4658005E4578 /* Release */ = {
			isa = XCBuildConfiguration;
			buildSettings = {
				ASSETCATALOG_COMPILER_APPICON_NAME = AppIcon;
				ASSETCATALOG_COMPILER_GLOBAL_ACCENT_COLOR_NAME = AccentColor;
				CODE_SIGN_STYLE = Automatic;
				CURRENT_PROJECT_VERSION = 1;
				DEVELOPMENT_ASSET_PATHS = "\"Landmarks/Preview Content\"";
				DEVELOPMENT_TEAM = 2857432TNY;
				ENABLE_PREVIEWS = YES;
				GENERATE_INFOPLIST_FILE = YES;
				INFOPLIST_KEY_UIApplicationSceneManifest_Generation = YES;
				INFOPLIST_KEY_UIApplicationSupportsIndirectInputEvents = YES;
				INFOPLIST_KEY_UILaunchScreen_Generation = YES;
				INFOPLIST_KEY_UISupportedInterfaceOrientations = "UIInterfaceOrientationPortrait UIInterfaceOrientationLandscapeLeft UIInterfaceOrientationLandscapeRight UIInterfaceOrientationPortraitUpsideDown";
				INFOPLIST_KEY_UISupportedInterfaceOrientations_iPad = "UIInterfaceOrientationPortrait UIInterfaceOrientationPortraitUpsideDown UIInterfaceOrientationLandscapeLeft UIInterfaceOrientationLandscapeRight";
				INFOPLIST_KEY_UISupportedInterfaceOrientations_iPhone = "UIInterfaceOrientationPortrait UIInterfaceOrientationLandscapeLeft UIInterfaceOrientationLandscapeRight";
				LD_RUNPATH_SEARCH_PATHS = (
					"$(inherited)",
					"@executable_path/Frameworks",
				);
				MARKETING_VERSION = 1.0;
				PRODUCT_BUNDLE_IDENTIFIER = shaivik.dhavjekar.srijan.net.Landmarks;
				PRODUCT_NAME = "$(TARGET_NAME)";
				SWIFT_EMIT_LOC_STRINGS = YES;
				SWIFT_VERSION = 5.0;
				TARGETED_DEVICE_FAMILY = 1;
			};
			name = Release;
		};
/* End XCBuildConfiguration section */

/* Begin XCConfigurationList section */
		AF263EE928CF4657005E4578 /* Build configuration list for PBXProject "Landmarks" */ = {
			isa = XCConfigurationList;
			buildConfigurations = (
				AF263EFA28CF4658005E4578 /* Debug */,
				AF263EFB28CF4658005E4578 /* Release */,
			);
			defaultConfigurationIsVisible = 0;
			defaultConfigurationName = Release;
		};
		AF263EFC28CF4658005E4578 /* Build configuration list for PBXNativeTarget "Landmarks" */ = {
			isa = XCConfigurationList;
			buildConfigurations = (
				AF263EFD28CF4658005E4578 /* Debug */,
				AF263EFE28CF4658005E4578 /* Release */,
			);
			defaultConfigurationIsVisible = 0;
			defaultConfigurationName = Release;
		};
/* End XCConfigurationList section */
	};
	rootObject = AF263EE628CF4657005E4578 /* Project object */;
}
